
Microsoft Visual Studio Solution File, Format Version 12.00
# Visual Studio Version 17
VisualStudioVersion = 17.0.31903.59
MinimumVisualStudioVersion = 10.0.40219.1
Project("{2150E333-8FDC-42A3-9474-1A3956D46DE8}") = "src", "src", "{827E0CD3-B72D-47B6-A68D-7590B98EB39B}"
EndProject
Project("{FAE04EC0-301F-11D3-BF4B-00C04F79EFBC}") = "BuildingBlocks", "src\BuildingBlocks\BuildingBlocks.csproj", "{A177AE27-FA3B-4676-9A03-0D5CB54AED69}"
EndProject
Project("{2150E333-8FDC-42A3-9474-1A3956D46DE8}") = "Services", "Services", "{984BB9B3-3FA3-BE33-9484-CAC21695A33C}"
EndProject
Project("{2150E333-8FDC-42A3-9474-1A3956D46DE8}") = "Catalog", "Catalog", "{C91C1CF1-1625-0789-F869-53D87D6277BA}"
EndProject
Project("{FAE04EC0-301F-11D3-BF4B-00C04F79EFBC}") = "Catalog.Application", "src\Services\Catalog\Catalog.Application\Catalog.Application.csproj", "{9A1679A7-CDC4-4224-A746-2D47A945BBEB}"
EndProject
Project("{FAE04EC0-301F-11D3-BF4B-00C04F79EFBC}") = "Catalog.Infrastructure", "src\Services\Catalog\Catalog.Infrastructure\Catalog.Infrastructure.csproj", "{2CF10C1E-B59C-49E0-9EA2-F5892F9E2074}"
EndProject
Project("{FAE04EC0-301F-11D3-BF4B-00C04F79EFBC}") = "Catalog.API", "src\Services\Catalog\Catalog.API\Catalog.API.csproj", "{72A03185-EC53-4C2D-B24B-4992CC02C734}"
EndProject
Project("{2150E333-8FDC-42A3-9474-1A3956D46DE8}") = "Gateway", "Gateway", "{6306A8FB-679E-111F-6585-8F70E0EE6013}"
EndProject
Project("{FAE04EC0-301F-11D3-BF4B-00C04F79EFBC}") = "Gateway.API", "src\Gateway\Gateway.API.csproj", "{1731997D-C0B7-4FDB-9DF6-9FA6EDFE0CD2}"
EndProject
Project("{2150E333-8FDC-42A3-9474-1A3956D46DE8}") = "Auth", "Auth", "{473EF3C4-73FA-6715-AA3C-7C7929374EED}"
EndProject
Project("{FAE04EC0-301F-11D3-BF4B-00C04F79EFBC}") = "Auth.Domain", "src\Services\Auth\Auth.Domain\Auth.Domain.csproj", "{F60329CA-36D5-4FBB-9CF7-396F2DCD5341}"
EndProject
Project("{FAE04EC0-301F-11D3-BF4B-00C04F79EFBC}") = "Auth.Application", "src\Services\Auth\Auth.Application\Auth.Application.csproj", "{64FA7771-38EB-422E-8494-DB5FE303FF24}"
EndProject
Project("{FAE04EC0-301F-11D3-BF4B-00C04F79EFBC}") = "Auth.Infrastructure", "src\Services\Auth\Auth.Infrastructure\Auth.Infrastructure.csproj", "{613D91A0-2041-4950-8D29-23C8A9179CB9}"
EndProject
Project("{FAE04EC0-301F-11D3-BF4B-00C04F79EFBC}") = "Auth.API", "src\Services\Auth\Auth.API\Auth.API.csproj", "{02E7D194-B321-4008-B9AB-06A97452BFB0}"
EndProject
Project("{2150E333-8FDC-42A3-9474-1A3956D46DE8}") = "Order", "Order", "{B851199A-4979-E597-3D50-97AC5992BBAF}"
EndProject
Project("{FAE04EC0-301F-11D3-BF4B-00C04F79EFBC}") = "Order.Domain", "src\Services\Order\Order.Domain\Order.Domain.csproj", "{7325CDC1-B699-4ABF-96C8-8B5619655D2D}"
EndProject
Project("{FAE04EC0-301F-11D3-BF4B-00C04F79EFBC}") = "Order.Application", "src\Services\Order\Order.Application\Order.Application.csproj", "{3446245E-539A-455D-89AD-5D880E87993C}"
EndProject
Project("{FAE04EC0-301F-11D3-BF4B-00C04F79EFBC}") = "Order.Infrastructure", "src\Services\Order\Order.Infrastructure\Order.Infrastructure.csproj", "{E62DC993-21E1-4D10-A867-A36CDED8353E}"
EndProject
Project("{FAE04EC0-301F-11D3-BF4B-00C04F79EFBC}") = "Order.API", "src\Services\Order\Order.API\Order.API.csproj", "{7AC635BE-11B0-49CF-83FA-3933865A98EA}"
EndProject
Project("{2150E333-8FDC-42A3-9474-1A3956D46DE8}") = "Payment", "Payment", "{3FB03296-F262-2760-9861-73C41AF3766C}"
EndProject
Project("{FAE04EC0-301F-11D3-BF4B-00C04F79EFBC}") = "Payment.Domain", "src\Services\Payment\Payment.Domain\Payment.Domain.csproj", "{CCA77FB8-128F-4DB5-B58D-A9E79137E305}"
EndProject
Project("{FAE04EC0-301F-11D3-BF4B-00C04F79EFBC}") = "Payment.Application", "src\Services\Payment\Payment.Application\Payment.Application.csproj", "{AEFD7FD5-C241-4886-A46C-DC9B676338A7}"
EndProject
Project("{FAE04EC0-301F-11D3-BF4B-00C04F79EFBC}") = "Payment.Infrastructure", "src\Services\Payment\Payment.Infrastructure\Payment.Infrastructure.csproj", "{3003F7D2-5962-49E5-A233-324F837FF244}"
EndProject
Project("{FAE04EC0-301F-11D3-BF4B-00C04F79EFBC}") = "Payment.API", "src\Services\Payment\Payment.API\Payment.API.csproj", "{D2893FF7-77E3-4621-BBA1-ADABE82E38B0}"
EndProject
Project("{2150E333-8FDC-42A3-9474-1A3956D46DE8}") = "Notification", "Notification", "{C5FBE174-8E0F-F5A3-B929-8BD0C55C0A32}"
EndProject
Project("{FAE04EC0-301F-11D3-BF4B-00C04F79EFBC}") = "Notification.Domain", "src\Services\Notification\Notification.Domain\Notification.Domain.csproj", "{835CC659-833D-4416-928B-A93C4BA1BEBC}"
EndProject
Project("{FAE04EC0-301F-11D3-BF4B-00C04F79EFBC}") = "Notification.Application", "src\Services\Notification\Notification.Application\Notification.Application.csproj", "{5BDA1593-C80A-48C8-923F-909DE7C9690A}"
EndProject
Project("{FAE04EC0-301F-11D3-BF4B-00C04F79EFBC}") = "Notification.Infrastructure", "src\Services\Notification\Notification.Infrastructure\Notification.Infrastructure.csproj", "{6D22662B-2E91-4E74-B0F3-90E522998EE7}"
EndProject
Project("{FAE04EC0-301F-11D3-BF4B-00C04F79EFBC}") = "Notification.API", "src\Services\Notification\Notification.API\Notification.API.csproj", "{5EF1811A-0E5D-4397-BC70-3153D12C6D81}"
EndProject
Global
	GlobalSection(SolutionConfigurationPlatforms) = preSolution
		Debug|Any CPU = Debug|Any CPU
		Debug|x64 = Debug|x64
		Debug|x86 = Debug|x86
		Release|Any CPU = Release|Any CPU
		Release|x64 = Release|x64
		Release|x86 = Release|x86
	EndGlobalSection
	GlobalSection(ProjectConfigurationPlatforms) = postSolution
		{A177AE27-FA3B-4676-9A03-0D5CB54AED69}.Debug|Any CPU.ActiveCfg = Debug|Any CPU
		{A177AE27-FA3B-4676-9A03-0D5CB54AED69}.Debug|Any CPU.Build.0 = Debug|Any CPU
		{A177AE27-FA3B-4676-9A03-0D5CB54AED69}.Debug|x64.ActiveCfg = Debug|Any CPU
		{A177AE27-FA3B-4676-9A03-0D5CB54AED69}.Debug|x64.Build.0 = Debug|Any CPU
		{A177AE27-FA3B-4676-9A03-0D5CB54AED69}.Debug|x86.ActiveCfg = Debug|Any CPU
		{A177AE27-FA3B-4676-9A03-0D5CB54AED69}.Debug|x86.Build.0 = Debug|Any CPU
		{A177AE27-FA3B-4676-9A03-0D5CB54AED69}.Release|Any CPU.ActiveCfg = Release|Any CPU
		{A177AE27-FA3B-4676-9A03-0D5CB54AED69}.Release|Any CPU.Build.0 = Release|Any CPU
		{A177AE27-FA3B-4676-9A03-0D5CB54AED69}.Release|x64.ActiveCfg = Release|Any CPU
		{A177AE27-FA3B-4676-9A03-0D5CB54AED69}.Release|x64.Build.0 = Release|Any CPU
		{A177AE27-FA3B-4676-9A03-0D5CB54AED69}.Release|x86.ActiveCfg = Release|Any CPU
		{A177AE27-FA3B-4676-9A03-0D5CB54AED69}.Release|x86.Build.0 = Release|Any CPU
		{9A1679A7-CDC4-4224-A746-2D47A945BBEB}.Debug|Any CPU.ActiveCfg = Debug|Any CPU
		{9A1679A7-CDC4-4224-A746-2D47A945BBEB}.Debug|Any CPU.Build.0 = Debug|Any CPU
		{9A1679A7-CDC4-4224-A746-2D47A945BBEB}.Debug|x64.ActiveCfg = Debug|Any CPU
		{9A1679A7-CDC4-4224-A746-2D47A945BBEB}.Debug|x64.Build.0 = Debug|Any CPU
		{9A1679A7-CDC4-4224-A746-2D47A945BBEB}.Debug|x86.ActiveCfg = Debug|Any CPU
		{9A1679A7-CDC4-4224-A746-2D47A945BBEB}.Debug|x86.Build.0 = Debug|Any CPU
		{9A1679A7-CDC4-4224-A746-2D47A945BBEB}.Release|Any CPU.ActiveCfg = Release|Any CPU
		{9A1679A7-CDC4-4224-A746-2D47A945BBEB}.Release|Any CPU.Build.0 = Release|Any CPU
		{9A1679A7-CDC4-4224-A746-2D47A945BBEB}.Release|x64.ActiveCfg = Release|Any CPU
		{9A1679A7-CDC4-4224-A746-2D47A945BBEB}.Release|x64.Build.0 = Release|Any CPU
		{9A1679A7-CDC4-4224-A746-2D47A945BBEB}.Release|x86.ActiveCfg = Release|Any CPU
		{9A1679A7-CDC4-4224-A746-2D47A945BBEB}.Release|x86.Build.0 = Release|Any CPU
		{2CF10C1E-B59C-49E0-9EA2-F5892F9E2074}.Debug|Any CPU.ActiveCfg = Debug|Any CPU
		{2CF10C1E-B59C-49E0-9EA2-F5892F9E2074}.Debug|Any CPU.Build.0 = Debug|Any CPU
		{2CF10C1E-B59C-49E0-9EA2-F5892F9E2074}.Debug|x64.ActiveCfg = Debug|Any CPU
		{2CF10C1E-B59C-49E0-9EA2-F5892F9E2074}.Debug|x64.Build.0 = Debug|Any CPU
		{2CF10C1E-B59C-49E0-9EA2-F5892F9E2074}.Debug|x86.ActiveCfg = Debug|Any CPU
		{2CF10C1E-B59C-49E0-9EA2-F5892F9E2074}.Debug|x86.Build.0 = Debug|Any CPU
		{2CF10C1E-B59C-49E0-9EA2-F5892F9E2074}.Release|Any CPU.ActiveCfg = Release|Any CPU
		{2CF10C1E-B59C-49E0-9EA2-F5892F9E2074}.Release|Any CPU.Build.0 = Release|Any CPU
		{2CF10C1E-B59C-49E0-9EA2-F5892F9E2074}.Release|x64.ActiveCfg = Release|Any CPU
		{2CF10C1E-B59C-49E0-9EA2-F5892F9E2074}.Release|x64.Build.0 = Release|Any CPU
		{2CF10C1E-B59C-49E0-9EA2-F5892F9E2074}.Release|x86.ActiveCfg = Release|Any CPU
		{2CF10C1E-B59C-49E0-9EA2-F5892F9E2074}.Release|x86.Build.0 = Release|Any CPU
		{72A03185-EC53-4C2D-B24B-4992CC02C734}.Debug|Any CPU.ActiveCfg = Debug|Any CPU
		{72A03185-EC53-4C2D-B24B-4992CC02C734}.Debug|Any CPU.Build.0 = Debug|Any CPU
		{72A03185-EC53-4C2D-B24B-4992CC02C734}.Debug|x64.ActiveCfg = Debug|Any CPU
		{72A03185-EC53-4C2D-B24B-4992CC02C734}.Debug|x64.Build.0 = Debug|Any CPU
		{72A03185-EC53-4C2D-B24B-4992CC02C734}.Debug|x86.ActiveCfg = Debug|Any CPU
		{72A03185-EC53-4C2D-B24B-4992CC02C734}.Debug|x86.Build.0 = Debug|Any CPU
		{72A03185-EC53-4C2D-B24B-4992CC02C734}.Release|Any CPU.ActiveCfg = Release|Any CPU
		{72A03185-EC53-4C2D-B24B-4992CC02C734}.Release|Any CPU.Build.0 = Release|Any CPU
		{72A03185-EC53-4C2D-B24B-4992CC02C734}.Release|x64.ActiveCfg = Release|Any CPU
		{72A03185-EC53-4C2D-B24B-4992CC02C734}.Release|x64.Build.0 = Release|Any CPU
		{72A03185-EC53-4C2D-B24B-4992CC02C734}.Release|x86.ActiveCfg = Release|Any CPU
		{72A03185-EC53-4C2D-B24B-4992CC02C734}.Release|x86.Build.0 = Release|Any CPU
		{1731997D-C0B7-4FDB-9DF6-9FA6EDFE0CD2}.Debug|Any CPU.ActiveCfg = Debug|Any CPU
		{1731997D-C0B7-4FDB-9DF6-9FA6EDFE0CD2}.Debug|Any CPU.Build.0 = Debug|Any CPU
		{1731997D-C0B7-4FDB-9DF6-9FA6EDFE0CD2}.Debug|x64.ActiveCfg = Debug|Any CPU
		{1731997D-C0B7-4FDB-9DF6-9FA6EDFE0CD2}.Debug|x64.Build.0 = Debug|Any CPU
		{1731997D-C0B7-4FDB-9DF6-9FA6EDFE0CD2}.Debug|x86.ActiveCfg = Debug|Any CPU
		{1731997D-C0B7-4FDB-9DF6-9FA6EDFE0CD2}.Debug|x86.Build.0 = Debug|Any CPU
		{1731997D-C0B7-4FDB-9DF6-9FA6EDFE0CD2}.Release|Any CPU.ActiveCfg = Release|Any CPU
		{1731997D-C0B7-4FDB-9DF6-9FA6EDFE0CD2}.Release|Any CPU.Build.0 = Release|Any CPU
		{1731997D-C0B7-4FDB-9DF6-9FA6EDFE0CD2}.Release|x64.ActiveCfg = Release|Any CPU
		{1731997D-C0B7-4FDB-9DF6-9FA6EDFE0CD2}.Release|x64.Build.0 = Release|Any CPU
		{1731997D-C0B7-4FDB-9DF6-9FA6EDFE0CD2}.Release|x86.ActiveCfg = Release|Any CPU
		{1731997D-C0B7-4FDB-9DF6-9FA6EDFE0CD2}.Release|x86.Build.0 = Release|Any CPU
		{F60329CA-36D5-4FBB-9CF7-396F2DCD5341}.Debug|Any CPU.ActiveCfg = Debug|Any CPU
		{F60329CA-36D5-4FBB-9CF7-396F2DCD5341}.Debug|Any CPU.Build.0 = Debug|Any CPU
		{F60329CA-36D5-4FBB-9CF7-396F2DCD5341}.Debug|x64.ActiveCfg = Debug|Any CPU
		{F60329CA-36D5-4FBB-9CF7-396F2DCD5341}.Debug|x64.Build.0 = Debug|Any CPU
		{F60329CA-36D5-4FBB-9CF7-396F2DCD5341}.Debug|x86.ActiveCfg = Debug|Any CPU
		{F60329CA-36D5-4FBB-9CF7-396F2DCD5341}.Debug|x86.Build.0 = Debug|Any CPU
		{F60329CA-36D5-4FBB-9CF7-396F2DCD5341}.Release|Any CPU.ActiveCfg = Release|Any CPU
		{F60329CA-36D5-4FBB-9CF7-396F2DCD5341}.Release|Any CPU.Build.0 = Release|Any CPU
		{F60329CA-36D5-4FBB-9CF7-396F2DCD5341}.Release|x64.ActiveCfg = Release|Any CPU
		{F60329CA-36D5-4FBB-9CF7-396F2DCD5341}.Release|x64.Build.0 = Release|Any CPU
		{F60329CA-36D5-4FBB-9CF7-396F2DCD5341}.Release|x86.ActiveCfg = Release|Any CPU
		{F60329CA-36D5-4FBB-9CF7-396F2DCD5341}.Release|x86.Build.0 = Release|Any CPU
		{64FA7771-38EB-422E-8494-DB5FE303FF24}.Debug|Any CPU.ActiveCfg = Debug|Any CPU
		{64FA7771-38EB-422E-8494-DB5FE303FF24}.Debug|Any CPU.Build.0 = Debug|Any CPU
		{64FA7771-38EB-422E-8494-DB5FE303FF24}.Debug|x64.ActiveCfg = Debug|Any CPU
		{64FA7771-38EB-422E-8494-DB5FE303FF24}.Debug|x64.Build.0 = Debug|Any CPU
		{64FA7771-38EB-422E-8494-DB5FE303FF24}.Debug|x86.ActiveCfg = Debug|Any CPU
		{64FA7771-38EB-422E-8494-DB5FE303FF24}.Debug|x86.Build.0 = Debug|Any CPU
		{64FA7771-38EB-422E-8494-DB5FE303FF24}.Release|Any CPU.ActiveCfg = Release|Any CPU
		{64FA7771-38EB-422E-8494-DB5FE303FF24}.Release|Any CPU.Build.0 = Release|Any CPU
		{64FA7771-38EB-422E-8494-DB5FE303FF24}.Release|x64.ActiveCfg = Release|Any CPU
		{64FA7771-38EB-422E-8494-DB5FE303FF24}.Release|x64.Build.0 = Release|Any CPU
		{64FA7771-38EB-422E-8494-DB5FE303FF24}.Release|x86.ActiveCfg = Release|Any CPU
		{64FA7771-38EB-422E-8494-DB5FE303FF24}.Release|x86.Build.0 = Release|Any CPU
		{613D91A0-2041-4950-8D29-23C8A9179CB9}.Debug|Any CPU.ActiveCfg = Debug|Any CPU
		{613D91A0-2041-4950-8D29-23C8A9179CB9}.Debug|Any CPU.Build.0 = Debug|Any CPU
		{613D91A0-2041-4950-8D29-23C8A9179CB9}.Debug|x64.ActiveCfg = Debug|Any CPU
		{613D91A0-2041-4950-8D29-23C8A9179CB9}.Debug|x64.Build.0 = Debug|Any CPU
		{613D91A0-2041-4950-8D29-23C8A9179CB9}.Debug|x86.ActiveCfg = Debug|Any CPU
		{613D91A0-2041-4950-8D29-23C8A9179CB9}.Debug|x86.Build.0 = Debug|Any CPU
		{613D91A0-2041-4950-8D29-23C8A9179CB9}.Release|Any CPU.ActiveCfg = Release|Any CPU
		{613D91A0-2041-4950-8D29-23C8A9179CB9}.Release|Any CPU.Build.0 = Release|Any CPU
		{613D91A0-2041-4950-8D29-23C8A9179CB9}.Release|x64.ActiveCfg = Release|Any CPU
		{613D91A0-2041-4950-8D29-23C8A9179CB9}.Release|x64.Build.0 = Release|Any CPU
		{613D91A0-2041-4950-8D29-23C8A9179CB9}.Release|x86.ActiveCfg = Release|Any CPU
		{613D91A0-2041-4950-8D29-23C8A9179CB9}.Release|x86.Build.0 = Release|Any CPU
		{02E7D194-B321-4008-B9AB-06A97452BFB0}.Debug|Any CPU.ActiveCfg = Debug|Any CPU
		{02E7D194-B321-4008-B9AB-06A97452BFB0}.Debug|Any CPU.Build.0 = Debug|Any CPU
		{02E7D194-B321-4008-B9AB-06A97452BFB0}.Debug|x64.ActiveCfg = Debug|Any CPU
		{02E7D194-B321-4008-B9AB-06A97452BFB0}.Debug|x64.Build.0 = Debug|Any CPU
		{02E7D194-B321-4008-B9AB-06A97452BFB0}.Debug|x86.ActiveCfg = Debug|Any CPU
		{02E7D194-B321-4008-B9AB-06A97452BFB0}.Debug|x86.Build.0 = Debug|Any CPU
		{02E7D194-B321-4008-B9AB-06A97452BFB0}.Release|Any CPU.ActiveCfg = Release|Any CPU
		{02E7D194-B321-4008-B9AB-06A97452BFB0}.Release|Any CPU.Build.0 = Release|Any CPU
		{02E7D194-B321-4008-B9AB-06A97452BFB0}.Release|x64.ActiveCfg = Release|Any CPU
		{02E7D194-B321-4008-B9AB-06A97452BFB0}.Release|x64.Build.0 = Release|Any CPU
		{02E7D194-B321-4008-B9AB-06A97452BFB0}.Release|x86.ActiveCfg = Release|Any CPU
		{02E7D194-B321-4008-B9AB-06A97452BFB0}.Release|x86.Build.0 = Release|Any CPU
		{7325CDC1-B699-4ABF-96C8-8B5619655D2D}.Debug|Any CPU.ActiveCfg = Debug|Any CPU
		{7325CDC1-B699-4ABF-96C8-8B5619655D2D}.Debug|Any CPU.Build.0 = Debug|Any CPU
		{7325CDC1-B699-4ABF-96C8-8B5619655D2D}.Debug|x64.ActiveCfg = Debug|Any CPU
		{7325CDC1-B699-4ABF-96C8-8B5619655D2D}.Debug|x64.Build.0 = Debug|Any CPU
		{7325CDC1-B699-4ABF-96C8-8B5619655D2D}.Debug|x86.ActiveCfg = Debug|Any CPU
		{7325CDC1-B699-4ABF-96C8-8B5619655D2D}.Debug|x86.Build.0 = Debug|Any CPU
		{7325CDC1-B699-4ABF-96C8-8B5619655D2D}.Release|Any CPU.ActiveCfg = Release|Any CPU
		{7325CDC1-B699-4ABF-96C8-8B5619655D2D}.Release|Any CPU.Build.0 = Release|Any CPU
		{7325CDC1-B699-4ABF-96C8-8B5619655D2D}.Release|x64.ActiveCfg = Release|Any CPU
		{7325CDC1-B699-4ABF-96C8-8B5619655D2D}.Release|x64.Build.0 = Release|Any CPU
		{7325CDC1-B699-4ABF-96C8-8B5619655D2D}.Release|x86.ActiveCfg = Release|Any CPU
		{7325CDC1-B699-4ABF-96C8-8B5619655D2D}.Release|x86.Build.0 = Release|Any CPU
		{3446245E-539A-455D-89AD-5D880E87993C}.Debug|Any CPU.ActiveCfg = Debug|Any CPU
		{3446245E-539A-455D-89AD-5D880E87993C}.Debug|Any CPU.Build.0 = Debug|Any CPU
		{3446245E-539A-455D-89AD-5D880E87993C}.Debug|x64.ActiveCfg = Debug|Any CPU
		{3446245E-539A-455D-89AD-5D880E87993C}.Debug|x64.Build.0 = Debug|Any CPU
		{3446245E-539A-455D-89AD-5D880E87993C}.Debug|x86.ActiveCfg = Debug|Any CPU
		{3446245E-539A-455D-89AD-5D880E87993C}.Debug|x86.Build.0 = Debug|Any CPU
		{3446245E-539A-455D-89AD-5D880E87993C}.Release|Any CPU.ActiveCfg = Release|Any CPU
		{3446245E-539A-455D-89AD-5D880E87993C}.Release|Any CPU.Build.0 = Release|Any CPU
		{3446245E-539A-455D-89AD-5D880E87993C}.Release|x64.ActiveCfg = Release|Any CPU
		{3446245E-539A-455D-89AD-5D880E87993C}.Release|x64.Build.0 = Release|Any CPU
		{3446245E-539A-455D-89AD-5D880E87993C}.Release|x86.ActiveCfg = Release|Any CPU
		{3446245E-539A-455D-89AD-5D880E87993C}.Release|x86.Build.0 = Release|Any CPU
		{E62DC993-21E1-4D10-A867-A36CDED8353E}.Debug|Any CPU.ActiveCfg = Debug|Any CPU
		{E62DC993-21E1-4D10-A867-A36CDED8353E}.Debug|Any CPU.Build.0 = Debug|Any CPU
		{E62DC993-21E1-4D10-A867-A36CDED8353E}.Debug|x64.ActiveCfg = Debug|Any CPU
		{E62DC993-21E1-4D10-A867-A36CDED8353E}.Debug|x64.Build.0 = Debug|Any CPU
		{E62DC993-21E1-4D10-A867-A36CDED8353E}.Debug|x86.ActiveCfg = Debug|Any CPU
		{E62DC993-21E1-4D10-A867-A36CDED8353E}.Debug|x86.Build.0 = Debug|Any CPU
		{E62DC993-21E1-4D10-A867-A36CDED8353E}.Release|Any CPU.ActiveCfg = Release|Any CPU
		{E62DC993-21E1-4D10-A867-A36CDED8353E}.Release|Any CPU.Build.0 = Release|Any CPU
		{E62DC993-21E1-4D10-A867-A36CDED8353E}.Release|x64.ActiveCfg = Release|Any CPU
		{E62DC993-21E1-4D10-A867-A36CDED8353E}.Release|x64.Build.0 = Release|Any CPU
		{E62DC993-21E1-4D10-A867-A36CDED8353E}.Release|x86.ActiveCfg = Release|Any CPU
		{E62DC993-21E1-4D10-A867-A36CDED8353E}.Release|x86.Build.0 = Release|Any CPU
		{7AC635BE-11B0-49CF-83FA-3933865A98EA}.Debug|Any CPU.ActiveCfg = Debug|Any CPU
		{7AC635BE-11B0-49CF-83FA-3933865A98EA}.Debug|Any CPU.Build.0 = Debug|Any CPU
		{7AC635BE-11B0-49CF-83FA-3933865A98EA}.Debug|x64.ActiveCfg = Debug|Any CPU
		{7AC635BE-11B0-49CF-83FA-3933865A98EA}.Debug|x64.Build.0 = Debug|Any CPU
		{7AC635BE-11B0-49CF-83FA-3933865A98EA}.Debug|x86.ActiveCfg = Debug|Any CPU
		{7AC635BE-11B0-49CF-83FA-3933865A98EA}.Debug|x86.Build.0 = Debug|Any CPU
		{7AC635BE-11B0-49CF-83FA-3933865A98EA}.Release|Any CPU.ActiveCfg = Release|Any CPU
		{7AC635BE-11B0-49CF-83FA-3933865A98EA}.Release|Any CPU.Build.0 = Release|Any CPU
		{7AC635BE-11B0-49CF-83FA-3933865A98EA}.Release|x64.ActiveCfg = Release|Any CPU
		{7AC635BE-11B0-49CF-83FA-3933865A98EA}.Release|x64.Build.0 = Release|Any CPU
		{7AC635BE-11B0-49CF-83FA-3933865A98EA}.Release|x86.ActiveCfg = Release|Any CPU
		{7AC635BE-11B0-49CF-83FA-3933865A98EA}.Release|x86.Build.0 = Release|Any CPU
		{CCA77FB8-128F-4DB5-B58D-A9E79137E305}.Debug|Any CPU.ActiveCfg = Debug|Any CPU
		{CCA77FB8-128F-4DB5-B58D-A9E79137E305}.Debug|Any CPU.Build.0 = Debug|Any CPU
		{CCA77FB8-128F-4DB5-B58D-A9E79137E305}.Debug|x64.ActiveCfg = Debug|Any CPU
		{CCA77FB8-128F-4DB5-B58D-A9E79137E305}.Debug|x64.Build.0 = Debug|Any CPU
		{CCA77FB8-128F-4DB5-B58D-A9E79137E305}.Debug|x86.ActiveCfg = Debug|Any CPU
		{CCA77FB8-128F-4DB5-B58D-A9E79137E305}.Debug|x86.Build.0 = Debug|Any CPU
		{CCA77FB8-128F-4DB5-B58D-A9E79137E305}.Release|Any CPU.ActiveCfg = Release|Any CPU
		{CCA77FB8-128F-4DB5-B58D-A9E79137E305}.Release|Any CPU.Build.0 = Release|Any CPU
		{CCA77FB8-128F-4DB5-B58D-A9E79137E305}.Release|x64.ActiveCfg = Release|Any CPU
		{CCA77FB8-128F-4DB5-B58D-A9E79137E305}.Release|x64.Build.0 = Release|Any CPU
		{CCA77FB8-128F-4DB5-B58D-A9E79137E305}.Release|x86.ActiveCfg = Release|Any CPU
		{CCA77FB8-128F-4DB5-B58D-A9E79137E305}.Release|x86.Build.0 = Release|Any CPU
		{AEFD7FD5-C241-4886-A46C-DC9B676338A7}.Debug|Any CPU.ActiveCfg = Debug|Any CPU
		{AEFD7FD5-C241-4886-A46C-DC9B676338A7}.Debug|Any CPU.Build.0 = Debug|Any CPU
		{AEFD7FD5-C241-4886-A46C-DC9B676338A7}.Debug|x64.ActiveCfg = Debug|Any CPU
		{AEFD7FD5-C241-4886-A46C-DC9B676338A7}.Debug|x64.Build.0 = Debug|Any CPU
		{AEFD7FD5-C241-4886-A46C-DC9B676338A7}.Debug|x86.ActiveCfg = Debug|Any CPU
		{AEFD7FD5-C241-4886-A46C-DC9B676338A7}.Debug|x86.Build.0 = Debug|Any CPU
		{AEFD7FD5-C241-4886-A46C-DC9B676338A7}.Release|Any CPU.ActiveCfg = Release|Any CPU
		{AEFD7FD5-C241-4886-A46C-DC9B676338A7}.Release|Any CPU.Build.0 = Release|Any CPU
		{AEFD7FD5-C241-4886-A46C-DC9B676338A7}.Release|x64.ActiveCfg = Release|Any CPU
		{AEFD7FD5-C241-4886-A46C-DC9B676338A7}.Release|x64.Build.0 = Release|Any CPU
		{AEFD7FD5-C241-4886-A46C-DC9B676338A7}.Release|x86.ActiveCfg = Release|Any CPU
		{AEFD7FD5-C241-4886-A46C-DC9B676338A7}.Release|x86.Build.0 = Release|Any CPU
		{3003F7D2-5962-49E5-A233-324F837FF244}.Debug|Any CPU.ActiveCfg = Debug|Any CPU
		{3003F7D2-5962-49E5-A233-324F837FF244}.Debug|Any CPU.Build.0 = Debug|Any CPU
		{3003F7D2-5962-49E5-A233-324F837FF244}.Debug|x64.ActiveCfg = Debug|Any CPU
		{3003F7D2-5962-49E5-A233-324F837FF244}.Debug|x64.Build.0 = Debug|Any CPU
		{3003F7D2-5962-49E5-A233-324F837FF244}.Debug|x86.ActiveCfg = Debug|Any CPU
		{3003F7D2-5962-49E5-A233-324F837FF244}.Debug|x86.Build.0 = Debug|Any CPU
		{3003F7D2-5962-49E5-A233-324F837FF244}.Release|Any CPU.ActiveCfg = Release|Any CPU
		{3003F7D2-5962-49E5-A233-324F837FF244}.Release|Any CPU.Build.0 = Release|Any CPU
		{3003F7D2-5962-49E5-A233-324F837FF244}.Release|x64.ActiveCfg = Release|Any CPU
		{3003F7D2-5962-49E5-A233-324F837FF244}.Release|x64.Build.0 = Release|Any CPU
		{3003F7D2-5962-49E5-A233-324F837FF244}.Release|x86.ActiveCfg = Release|Any CPU
		{3003F7D2-5962-49E5-A233-324F837FF244}.Release|x86.Build.0 = Release|Any CPU
		{D2893FF7-77E3-4621-BBA1-ADABE82E38B0}.Debug|Any CPU.ActiveCfg = Debug|Any CPU
		{D2893FF7-77E3-4621-BBA1-ADABE82E38B0}.Debug|Any CPU.Build.0 = Debug|Any CPU
		{D2893FF7-77E3-4621-BBA1-ADABE82E38B0}.Debug|x64.ActiveCfg = Debug|Any CPU
		{D2893FF7-77E3-4621-BBA1-ADABE82E38B0}.Debug|x64.Build.0 = Debug|Any CPU
		{D2893FF7-77E3-4621-BBA1-ADABE82E38B0}.Debug|x86.ActiveCfg = Debug|Any CPU
		{D2893FF7-77E3-4621-BBA1-ADABE82E38B0}.Debug|x86.Build.0 = Debug|Any CPU
		{D2893FF7-77E3-4621-BBA1-ADABE82E38B0}.Release|Any CPU.ActiveCfg = Release|Any CPU
		{D2893FF7-77E3-4621-BBA1-ADABE82E38B0}.Release|Any CPU.Build.0 = Release|Any CPU
		{D2893FF7-77E3-4621-BBA1-ADABE82E38B0}.Release|x64.ActiveCfg = Release|Any CPU
		{D2893FF7-77E3-4621-BBA1-ADABE82E38B0}.Release|x64.Build.0 = Release|Any CPU
		{D2893FF7-77E3-4621-BBA1-ADABE82E38B0}.Release|x86.ActiveCfg = Release|Any CPU
		{D2893FF7-77E3-4621-BBA1-ADABE82E38B0}.Release|x86.Build.0 = Release|Any CPU
		{835CC659-833D-4416-928B-A93C4BA1BEBC}.Debug|Any CPU.ActiveCfg = Debug|Any CPU
		{835CC659-833D-4416-928B-A93C4BA1BEBC}.Debug|Any CPU.Build.0 = Debug|Any CPU
		{835CC659-833D-4416-928B-A93C4BA1BEBC}.Debug|x64.ActiveCfg = Debug|Any CPU
		{835CC659-833D-4416-928B-A93C4BA1BEBC}.Debug|x64.Build.0 = Debug|Any CPU
		{835CC659-833D-4416-928B-A93C4BA1BEBC}.Debug|x86.ActiveCfg = Debug|Any CPU
		{835CC659-833D-4416-928B-A93C4BA1BEBC}.Debug|x86.Build.0 = Debug|Any CPU
		{835CC659-833D-4416-928B-A93C4BA1BEBC}.Release|Any CPU.ActiveCfg = Release|Any CPU
		{835CC659-833D-4416-928B-A93C4BA1BEBC}.Release|Any CPU.Build.0 = Release|Any CPU
		{835CC659-833D-4416-928B-A93C4BA1BEBC}.Release|x64.ActiveCfg = Release|Any CPU
		{835CC659-833D-4416-928B-A93C4BA1BEBC}.Release|x64.Build.0 = Release|Any CPU
		{835CC659-833D-4416-928B-A93C4BA1BEBC}.Release|x86.ActiveCfg = Release|Any CPU
		{835CC659-833D-4416-928B-A93C4BA1BEBC}.Release|x86.Build.0 = Release|Any CPU
		{5BDA1593-C80A-48C8-923F-909DE7C9690A}.Debug|Any CPU.ActiveCfg = Debug|Any CPU
		{5BDA1593-C80A-48C8-923F-909DE7C9690A}.Debug|Any CPU.Build.0 = Debug|Any CPU
		{5BDA1593-C80A-48C8-923F-909DE7C9690A}.Debug|x64.ActiveCfg = Debug|Any CPU
		{5BDA1593-C80A-48C8-923F-909DE7C9690A}.Debug|x64.Build.0 = Debug|Any CPU
		{5BDA1593-C80A-48C8-923F-909DE7C9690A}.Debug|x86.ActiveCfg = Debug|Any CPU
		{5BDA1593-C80A-48C8-923F-909DE7C9690A}.Debug|x86.Build.0 = Debug|Any CPU
		{5BDA1593-C80A-48C8-923F-909DE7C9690A}.Release|Any CPU.ActiveCfg = Release|Any CPU
		{5BDA1593-C80A-48C8-923F-909DE7C9690A}.Release|Any CPU.Build.0 = Release|Any CPU
		{5BDA1593-C80A-48C8-923F-909DE7C9690A}.Release|x64.ActiveCfg = Release|Any CPU
		{5BDA1593-C80A-48C8-923F-909DE7C9690A}.Release|x64.Build.0 = Release|Any CPU
		{5BDA1593-C80A-48C8-923F-909DE7C9690A}.Release|x86.ActiveCfg = Release|Any CPU
		{5BDA1593-C80A-48C8-923F-909DE7C9690A}.Release|x86.Build.0 = Release|Any CPU
		{6D22662B-2E91-4E74-B0F3-90E522998EE7}.Debug|Any CPU.ActiveCfg = Debug|Any CPU
		{6D22662B-2E91-4E74-B0F3-90E522998EE7}.Debug|Any CPU.Build.0 = Debug|Any CPU
		{6D22662B-2E91-4E74-B0F3-90E522998EE7}.Debug|x64.ActiveCfg = Debug|Any CPU
		{6D22662B-2E91-4E74-B0F3-90E522998EE7}.Debug|x64.Build.0 = Debug|Any CPU
		{6D22662B-2E91-4E74-B0F3-90E522998EE7}.Debug|x86.ActiveCfg = Debug|Any CPU
		{6D22662B-2E91-4E74-B0F3-90E522998EE7}.Debug|x86.Build.0 = Debug|Any CPU
		{6D22662B-2E91-4E74-B0F3-90E522998EE7}.Release|Any CPU.ActiveCfg = Release|Any CPU
		{6D22662B-2E91-4E74-B0F3-90E522998EE7}.Release|Any CPU.Build.0 = Release|Any CPU
		{6D22662B-2E91-4E74-B0F3-90E522998EE7}.Release|x64.ActiveCfg = Release|Any CPU
		{6D22662B-2E91-4E74-B0F3-90E522998EE7}.Release|x64.Build.0 = Release|Any CPU
		{6D22662B-2E91-4E74-B0F3-90E522998EE7}.Release|x86.ActiveCfg = Release|Any CPU
		{6D22662B-2E91-4E74-B0F3-90E522998EE7}.Release|x86.Build.0 = Release|Any CPU
		{5EF1811A-0E5D-4397-BC70-3153D12C6D81}.Debug|Any CPU.ActiveCfg = Debug|Any CPU
		{5EF1811A-0E5D-4397-BC70-3153D12C6D81}.Debug|Any CPU.Build.0 = Debug|Any CPU
		{5EF1811A-0E5D-4397-BC70-3153D12C6D81}.Debug|x64.ActiveCfg = Debug|Any CPU
		{5EF1811A-0E5D-4397-BC70-3153D12C6D81}.Debug|x64.Build.0 = Debug|Any CPU
		{5EF1811A-0E5D-4397-BC70-3153D12C6D81}.Debug|x86.ActiveCfg = Debug|Any CPU
		{5EF1811A-0E5D-4397-BC70-3153D12C6D81}.Debug|x86.Build.0 = Debug|Any CPU
		{5EF1811A-0E5D-4397-BC70-3153D12C6D81}.Release|Any CPU.ActiveCfg = Release|Any CPU
		{5EF1811A-0E5D-4397-BC70-3153D12C6D81}.Release|Any CPU.Build.0 = Release|Any CPU
		{5EF1811A-0E5D-4397-BC70-3153D12C6D81}.Release|x64.ActiveCfg = Release|Any CPU
		{5EF1811A-0E5D-4397-BC70-3153D12C6D81}.Release|x64.Build.0 = Release|Any CPU
		{5EF1811A-0E5D-4397-BC70-3153D12C6D81}.Release|x86.ActiveCfg = Release|Any CPU
		{5EF1811A-0E5D-4397-BC70-3153D12C6D81}.Release|x86.Build.0 = Release|Any CPU
	EndGlobalSection
	GlobalSection(SolutionProperties) = preSolution
		HideSolutionNode = FALSE
	EndGlobalSection
	GlobalSection(NestedProjects) = preSolution
		{A177AE27-FA3B-4676-9A03-0D5CB54AED69} = {827E0CD3-B72D-47B6-A68D-7590B98EB39B}
		{984BB9B3-3FA3-BE33-9484-CAC21695A33C} = {827E0CD3-B72D-47B6-A68D-7590B98EB39B}
		{C91C1CF1-1625-0789-F869-53D87D6277BA} = {984BB9B3-3FA3-BE33-9484-CAC21695A33C}
		{9A1679A7-CDC4-4224-A746-2D47A945BBEB} = {C91C1CF1-1625-0789-F869-53D87D6277BA}
		{2CF10C1E-B59C-49E0-9EA2-F5892F9E2074} = {C91C1CF1-1625-0789-F869-53D87D6277BA}
		{72A03185-EC53-4C2D-B24B-4992CC02C734} = {C91C1CF1-1625-0789-F869-53D87D6277BA}
		{6306A8FB-679E-111F-6585-8F70E0EE6013} = {827E0CD3-B72D-47B6-A68D-7590B98EB39B}
		{1731997D-C0B7-4FDB-9DF6-9FA6EDFE0CD2} = {6306A8FB-679E-111F-6585-8F70E0EE6013}
		{473EF3C4-73FA-6715-AA3C-7C7929374EED} = {984BB9B3-3FA3-BE33-9484-CAC21695A33C}
		{F60329CA-36D5-4FBB-9CF7-396F2DCD5341} = {473EF3C4-73FA-6715-AA3C-7C7929374EED}
		{64FA7771-38EB-422E-8494-DB5FE303FF24} = {473EF3C4-73FA-6715-AA3C-7C7929374EED}
		{613D91A0-2041-4950-8D29-23C8A9179CB9} = {473EF3C4-73FA-6715-AA3C-7C7929374EED}
		{02E7D194-B321-4008-B9AB-06A97452BFB0} = {473EF3C4-73FA-6715-AA3C-7C7929374EED}
		{B851199A-4979-E597-3D50-97AC5992BBAF} = {984BB9B3-3FA3-BE33-9484-CAC21695A33C}
		{7325CDC1-B699-4ABF-96C8-8B5619655D2D} = {B851199A-4979-E597-3D50-97AC5992BBAF}
		{3446245E-539A-455D-89AD-5D880E87993C} = {B851199A-4979-E597-3D50-97AC5992BBAF}
		{E62DC993-21E1-4D10-A867-A36CDED8353E} = {B851199A-4979-E597-3D50-97AC5992BBAF}
		{7AC635BE-11B0-49CF-83FA-3933865A98EA} = {B851199A-4979-E597-3D50-97AC5992BBAF}
		{3FB03296-F262-2760-9861-73C41AF3766C} = {984BB9B3-3FA3-BE33-9484-CAC21695A33C}
		{CCA77FB8-128F-4DB5-B58D-A9E79137E305} = {3FB03296-F262-2760-9861-73C41AF3766C}
		{AEFD7FD5-C241-4886-A46C-DC9B676338A7} = {3FB03296-F262-2760-9861-73C41AF3766C}
		{3003F7D2-5962-49E5-A233-324F837FF244} = {3FB03296-F262-2760-9861-73C41AF3766C}
		{D2893FF7-77E3-4621-BBA1-ADABE82E38B0} = {3FB03296-F262-2760-9861-73C41AF3766C}
		{C5FBE174-8E0F-F5A3-B929-8BD0C55C0A32} = {984BB9B3-3FA3-BE33-9484-CAC21695A33C}
		{835CC659-833D-4416-928B-A93C4BA1BEBC} = {C5FBE174-8E0F-F5A3-B929-8BD0C55C0A32}
		{5BDA1593-C80A-48C8-923F-909DE7C9690A} = {C5FBE174-8E0F-F5A3-B929-8BD0C55C0A32}
		{6D22662B-2E91-4E74-B0F3-90E522998EE7} = {C5FBE174-8E0F-F5A3-B929-8BD0C55C0A32}
		{5EF1811A-0E5D-4397-BC70-3153D12C6D81} = {C5FBE174-8E0F-F5A3-B929-8BD0C55C0A32}
	EndGlobalSection
EndGlobal
